
Microsoft Visual Studio Solution File, Format Version 12.00
# Visual Studio Version 16
VisualStudioVersion = 16.0.29102.190
MinimumVisualStudioVersion = 10.0.40219.1
Project("{FAE04EC0-301F-11D3-BF4B-00C04F79EFBC}") = "AzFunctionSerilog", "AzFunctionSerilog\AzFunctionSerilog.csproj", "{222ADF3D-C12C-4E9F-B6DE-743F01219901}"
EndProject
Global
	GlobalSection(SolutionConfigurationPlatforms) = preSolution
		Debug|Any CPU = Debug|Any CPU
		Release|Any CPU = Release|Any CPU
	EndGlobalSection
	GlobalSection(ProjectConfigurationPlatforms) = postSolution
		{222ADF3D-C12C-4E9F-B6DE-743F01219901}.Debug|Any CPU.ActiveCfg = Debug|Any CPU
		{222ADF3D-C12C-4E9F-B6DE-743F01219901}.Debug|Any CPU.Build.0 = Debug|Any CPU
		{222ADF3D-C12C-4E9F-B6DE-743F01219901}.Release|Any CPU.ActiveCfg = Release|Any CPU
		{222ADF3D-C12C-4E9F-B6DE-743F01219901}.Release|Any CPU.Build.0 = Release|Any CPU
	EndGlobalSection
	GlobalSection(SolutionProperties) = preSolution
		HideSolutionNode = FALSE
	EndGlobalSection
	GlobalSection(ExtensibilityGlobals) = postSolution
		SolutionGuid = {8EC6F805-FF40-42B5-9BF4-16C3C7445167}
	EndGlobalSection
EndGlobal
